dependencies:
  espressif/ethernet_init:
    component_hash: 2410cdd857d8cd1ddb74f906aa76e50fd4e1944e845acc42b13dd94d73c9558f
    dependencies:
    - name: idf
      require: private
      version: '>=5.0'
    source:
      registry_url: https://components.espressif.com/
      type: service
    version: 0.0.7
  espressif/libsodium:
    component_hash: 36e9832f40c909c0a9135a3e775fcbdd7a2a13d47a1c052ee5b21499eb3eddb5
    dependencies:
    - name: idf
      require: private
      version: '>=4.2'
    source:
      registry_url: https://components.espressif.com/
      type: service
    version: 1.0.20
  idf:
    source:
      type: idf
    version: 5.0.9
direct_dependencies:
- espressif/ethernet_init
- espressif/libsodium
- idf
manifest_hash: 2f486c3887d766371f24a512ecc54b277d4d71371f3f41fc1eefd22e4518d6c6
target: esp32s3
version: 2.0.0
